
Microsoft Visual Studio Solution File, Format Version 12.00
# Visual Studio Version 17
VisualStudioVersion = 17.11.35327.3
MinimumVisualStudioVersion = 10.0.40219.1
Project("{FAE04EC0-301F-11D3-BF4B-00C04F79EFBC}") = "MauiCodeSnippets", "MauiCodeSnippets.csproj", "{F70D01D4-E679-4574-A915-D89A55419A55}"
EndProject
Global
	GlobalSection(SolutionConfigurationPlatforms) = preSolution
		Debug|Any CPU = Debug|Any CPU
		Release|Any CPU = Release|Any CPU
	EndGlobalSection
	GlobalSection(ProjectConfigurationPlatforms) = postSolution
		{F70D01D4-E679-4574-A915-D89A55419A55}.Debug|Any CPU.ActiveCfg = Debug|Any CPU
		{F70D01D4-E679-4574-A915-D89A55419A55}.Debug|Any CPU.Build.0 = Debug|Any CPU
		{F70D01D4-E679-4574-A915-D89A55419A55}.Debug|Any CPU.Deploy.0 = Debug|Any CPU
		{F70D01D4-E679-4574-A915-D89A55419A55}.Release|Any CPU.ActiveCfg = Release|Any CPU
		{F70D01D4-E679-4574-A915-D89A55419A55}.Release|Any CPU.Build.0 = Release|Any CPU
		{F70D01D4-E679-4574-A915-D89A55419A55}.Release|Any CPU.Deploy.0 = Release|Any CPU
	EndGlobalSection
	GlobalSection(SolutionProperties) = preSolution
		HideSolutionNode = FALSE
	EndGlobalSection
	GlobalSection(ExtensibilityGlobals) = postSolution
		SolutionGuid = {78A5DC2C-3645-4CFF-A034-9316C9A37ABE}
	EndGlobalSection
EndGlobal
